// !$*UTF8*$!
{
	archiveVersion = 1;
	classes = {
	};
	objectVersion = 55;
	objects = {

/* Begin PBXBuildFile section */
		100141E72726445A005602BE /* AppDelegate.swift in Sources */ = {isa = PBXBuildFile; fileRef = 100141E62726445A005602BE /* AppDelegate.swift */; };
		100141E92726445A005602BE /* SceneDelegate.swift in Sources */ = {isa = PBXBuildFile; fileRef = 100141E82726445A005602BE /* SceneDelegate.swift */; };
		100141EB2726445A005602BE /* ViewController.swift in Sources */ = {isa = PBXBuildFile; fileRef = 100141EA2726445A005602BE /* ViewController.swift */; };
		100141EE2726445A005602BE /* Main.storyboard in Resources */ = {isa = PBXBuildFile; fileRef = 100141EC2726445A005602BE /* Main.storyboard */; };
		100141F02726445C005602BE /* Assets.xcassets in Resources */ = {isa = PBXBuildFile; fileRef = 100141EF2726445C005602BE /* Assets.xcassets */; };
		100141F32726445C005602BE /* LaunchScreen.storyboard in Resources */ = {isa = PBXBuildFile; fileRef = 100141F12726445C005602BE /* LaunchScreen.storyboard */; };
		100141FC27264489005602BE /* Alamofire in Frameworks */ = {isa = PBXBuildFile; productRef = 100141FB27264489005602BE /* Alamofire */; };
		100142002726464E005602BE /* SwiftyJSON in Frameworks */ = {isa = PBXBuildFile; productRef = 100141FF2726464E005602BE /* SwiftyJSON */; };
		106613462727928E00507CEA /* TranslateViewController.swift in Sources */ = {isa = PBXBuildFile; fileRef = 106613452727928E00507CEA /* TranslateViewController.swift */; };
		10661371272A222000507CEA /* JGProgressHUD in Frameworks */ = {isa = PBXBuildFile; productRef = 10661370272A222000507CEA /* JGProgressHUD */; };
		10661373272A223200507CEA /* VisionViewController.swift in Sources */ = {isa = PBXBuildFile; fileRef = 10661372272A223200507CEA /* VisionViewController.swift */; };
/* End PBXBuildFile section */

/* Begin PBXFileReference section */
		100141E32726445A005602BE /* SeSAC_WEEK5.app */ = {isa = PBXFileReference; explicitFileType = wrapper.application; includeInIndex = 0; path = SeSAC_WEEK5.app; sourceTree = BUILT_PRODUCTS_DIR; };
		100141E62726445A005602BE /* AppDelegate.swift */ = {isa = PBXFileReference; lastKnownFileType = sourcecode.swift; path = AppDelegate.swift; sourceTree = "<group>"; };
		100141E82726445A005602BE /* SceneDelegate.swift */ = {isa = PBXFileReference; lastKnownFileType = sourcecode.swift; path = SceneDelegate.swift; sourceTree = "<group>"; };
		100141EA2726445A005602BE /* ViewController.swift */ = {isa = PBXFileReference; lastKnownFileType = sourcecode.swift; path = ViewController.swift; sourceTree = "<group>"; };
		100141ED2726445A005602BE /* Base */ = {isa = PBXFileReference; lastKnownFileType = file.storyboard; name = Base; path = Base.lproj/Main.storyboard; sourceTree = "<group>"; };
		100141EF2726445C005602BE /* Assets.xcassets */ = {isa = PBXFileReference; lastKnownFileType = folder.assetcatalog; path = Assets.xcassets; sourceTree = "<group>"; };
		100141F22726445C005602BE /* Base */ = {isa = PBXFileReference; lastKnownFileType = file.storyboard; name = Base; path = Base.lproj/LaunchScreen.storyboard; sourceTree = "<group>"; };
		100141F42726445C005602BE /* Info.plist */ = {isa = PBXFileReference; lastKnownFileType = text.plist.xml; path = Info.plist; sourceTree = "<group>"; };
		106613452727928E00507CEA /* TranslateViewController.swift */ = {isa = PBXFileReference; lastKnownFileType = sourcecode.swift; path = TranslateViewController.swift; sourceTree = "<group>"; };
		10661372272A223200507CEA /* VisionViewController.swift */ = {isa = PBXFileReference; lastKnownFileType = sourcecode.swift; path = VisionViewController.swift; sourceTree = "<group>"; };
/* End PBXFileReference section */

/* Begin PBXFrameworksBuildPhase section */
		100141E02726445A005602BE /* Frameworks */ = {
			isa = PBXFrameworksBuildPhase;
			buildActionMask = 2147483647;
			files = (
				100142002726464E005602BE /* SwiftyJSON in Frameworks */,
				10661371272A222000507CEA /* JGProgressHUD in Frameworks */,
				100141FC27264489005602BE /* Alamofire in Frameworks */,
			);
			runOnlyForDeploymentPostprocessing = 0;
		};
/* End PBXFrameworksBuildPhase section */

/* Begin PBXGroup section */
		100141DA2726445A005602BE = {
			isa = PBXGroup;
			children = (
				106613452727928E00507CEA /* TranslateViewController.swift */,
				100141E52726445A005602BE /* SeSAC_WEEK5 */,
				100141E42726445A005602BE /* Products */,
			);
			sourceTree = "<group>";
		};
		100141E42726445A005602BE /* Products */ = {
			isa = PBXGroup;
			children = (
				100141E32726445A005602BE /* SeSAC_WEEK5.app */,
			);
			name = Products;
			sourceTree = "<group>";
		};
		100141E52726445A005602BE /* SeSAC_WEEK5 */ = {
			isa = PBXGroup;
			children = (
				100141E62726445A005602BE /* AppDelegate.swift */,
				100141E82726445A005602BE /* SceneDelegate.swift */,
				100141EA2726445A005602BE /* ViewController.swift */,
				100141EC2726445A005602BE /* Main.storyboard */,
				100141EF2726445C005602BE /* Assets.xcassets */,
				100141F12726445C005602BE /* LaunchScreen.storyboard */,
				100141F42726445C005602BE /* Info.plist */,
				10661372272A223200507CEA /* VisionViewController.swift */,
			);
			path = SeSAC_WEEK5;
			sourceTree = "<group>";
		};
/* End PBXGroup section */

/* Begin PBXNativeTarget section */
		100141E22726445A005602BE /* SeSAC_WEEK5 */ = {
			isa = PBXNativeTarget;
			buildConfigurationList = 100141F72726445C005602BE /* Build configuration list for PBXNativeTarget "SeSAC_WEEK5" */;
			buildPhases = (
				100141DF2726445A005602BE /* Sources */,
				100141E02726445A005602BE /* Frameworks */,
				100141E12726445A005602BE /* Resources */,
			);
			buildRules = (
			);
			dependencies = (
			);
			name = SeSAC_WEEK5;
			packageProductDependencies = (
				100141FB27264489005602BE /* Alamofire */,
				100141FF2726464E005602BE /* SwiftyJSON */,
				10661370272A222000507CEA /* JGProgressHUD */,
			);
			productName = SeSAC_WEEK5;
			productReference = 100141E32726445A005602BE /* SeSAC_WEEK5.app */;
			productType = "com.apple.product-type.application";
		};
/* End PBXNativeTarget section */

/* Begin PBXProject section */
		100141DB2726445A005602BE /* Project object */ = {
			isa = PBXProject;
			attributes = {
				BuildIndependentTargetsInParallel = 1;
				LastSwiftUpdateCheck = 1300;
				LastUpgradeCheck = 1300;
				TargetAttributes = {
					100141E22726445A005602BE = {
						CreatedOnToolsVersion = 13.0;
					};
				};
			};
			buildConfigurationList = 100141DE2726445A005602BE /* Build configuration list for PBXProject "SeSAC_WEEK5" */;
			compatibilityVersion = "Xcode 13.0";
			developmentRegion = en;
			hasScannedForEncodings = 0;
			knownRegions = (
				en,
				Base,
			);
			mainGroup = 100141DA2726445A005602BE;
			packageReferences = (
				100141FA27264489005602BE /* XCRemoteSwiftPackageReference "Alamofire" */,
				100141FE2726464E005602BE /* XCRemoteSwiftPackageReference "SwiftyJSON" */,
				1066136F272A221F00507CEA /* XCRemoteSwiftPackageReference "JGProgressHUD" */,
			);
			productRefGroup = 100141E42726445A005602BE /* Products */;
			projectDirPath = "";
			projectRoot = "";
			targets = (
				100141E22726445A005602BE /* SeSAC_WEEK5 */,
			);
		};
/* End PBXProject section */

/* Begin PBXResourcesBuildPhase section */
		100141E12726445A005602BE /* Resources */ = {
			isa = PBXResourcesBuildPhase;
			buildActionMask = 2147483647;
			files = (
				100141F32726445C005602BE /* LaunchScreen.storyboard in Resources */,
				100141F02726445C005602BE /* Assets.xcassets in Resources */,
				100141EE2726445A005602BE /* Main.storyboard in Resources */,
			);
			runOnlyForDeploymentPostprocessing = 0;
		};
/* End PBXResourcesBuildPhase section */

/* Begin PBXSourcesBuildPhase section */
		100141DF2726445A005602BE /* Sources */ = {
			isa = PBXSourcesBuildPhase;
			buildActionMask = 2147483647;
			files = (
				100141EB2726445A005602BE /* ViewController.swift in Sources */,
				106613462727928E00507CEA /* TranslateViewController.swift in Sources */,
				100141E72726445A005602BE /* AppDelegate.swift in Sources */,
				10661373272A223200507CEA /* VisionViewController.swift in Sources */,
				100141E92726445A005602BE /* SceneDelegate.swift in Sources */,
			);
			runOnlyForDeploymentPostprocessing = 0;
		};
/* End PBXSourcesBuildPhase section */

/* Begin PBXVariantGroup section */
		100141EC2726445A005602BE /* Main.storyboard */ = {
			isa = PBXVariantGroup;
			children = (
				100141ED2726445A005602BE /* Base */,
			);
			name = Main.storyboard;
			sourceTree = "<group>";
		};
		100141F12726445C005602BE /* LaunchScreen.storyboard */ = {
			isa = PBXVariantGroup;
			children = (
				100141F22726445C005602BE /* Base */,
			);
			name = LaunchScreen.storyboard;
			sourceTree = "<group>";
		};
/* End PBXVariantGroup section */

/* Begin XCBuildConfiguration section */
		100141F52726445C005602BE /* Debug */ = {
			isa = XCBuildConfiguration;
			buildSettings = {
				ALWAYS_SEARCH_USER_PATHS = NO;
				CLANG_ANALYZER_NONNULL = YES;
				CLANG_ANALYZER_NUMBER_OBJECT_CONVERSION = YES_AGGRESSIVE;
				CLANG_CXX_LANGUAGE_STANDARD = "gnu++17";
				CLANG_CXX_LIBRARY = "libc++";
				CLANG_ENABLE_MODULES = YES;
				CLANG_ENABLE_OBJC_ARC = YES;
				CLANG_ENABLE_OBJC_WEAK = YES;
				CLANG_WARN_BLOCK_CAPTURE_AUTORELEASING = YES;
				CLANG_WARN_BOOL_CONVERSION = YES;
				CLANG_WARN_COMMA = YES;
				CLANG_WARN_CONSTANT_CONVERSION = YES;
				CLANG_WARN_DEPRECATED_OBJC_IMPLEMENTATIONS = YES;
				CLANG_WARN_DIRECT_OBJC_ISA_USAGE = YES_ERROR;
				CLANG_WARN_DOCUMENTATION_COMMENTS = YES;
				CLANG_WARN_EMPTY_BODY = YES;
				CLANG_WARN_ENUM_CONVERSION = YES;
				CLANG_WARN_INFINITE_RECURSION = YES;
				CLANG_WARN_INT_CONVERSION = YES;
				CLANG_WARN_NON_LITERAL_NULL_CONVERSION = YES;
				CLANG_WARN_OBJC_IMPLICIT_RETAIN_SELF = YES;
				CLANG_WARN_OBJC_LITERAL_CONVERSION = YES;
				CLANG_WARN_OBJC_ROOT_CLASS = YES_ERROR;
				CLANG_WARN_QUOTED_INCLUDE_IN_FRAMEWORK_HEADER = YES;
				CLANG_WARN_RANGE_LOOP_ANALYSIS = YES;
				CLANG_WARN_STRICT_PROTOTYPES = YES;
				CLANG_WARN_SUSPICIOUS_MOVE = YES;
				CLANG_WARN_UNGUARDED_AVAILABILITY = YES_AGGRESSIVE;
				CLANG_WARN_UNREACHABLE_CODE = YES;
				CLANG_WARN__DUPLICATE_METHOD_MATCH = YES;
				COPY_PHASE_STRIP = NO;
				DEBUG_INFORMATION_FORMAT = dwarf;
				ENABLE_STRICT_OBJC_MSGSEND = YES;
				ENABLE_TESTABILITY = YES;
				GCC_C_LANGUAGE_STANDARD = gnu11;
				GCC_DYNAMIC_NO_PIC = NO;
				GCC_NO_COMMON_BLOCKS = YES;
				GCC_OPTIMIZATION_LEVEL = 0;
				GCC_PREPROCESSOR_DEFINITIONS = (
					"DEBUG=1",
					"$(inherited)",
				);
				GCC_WARN_64_TO_32_BIT_CONVERSION = YES;
				GCC_WARN_ABOUT_RETURN_TYPE = YES_ERROR;
				GCC_WARN_UNDECLARED_SELECTOR = YES;
				GCC_WARN_UNINITIALIZED_AUTOS = YES_AGGRESSIVE;
				GCC_WARN_UNUSED_FUNCTION = YES;
				GCC_WARN_UNUSED_VARIABLE = YES;
				IPHONEOS_DEPLOYMENT_TARGET = 15.0;
				MTL_ENABLE_DEBUG_INFO = INCLUDE_SOURCE;
				MTL_FAST_MATH = YES;
				ONLY_ACTIVE_ARCH = YES;
				SDKROOT = iphoneos;
				SWIFT_ACTIVE_COMPILATION_CONDITIONS = DEBUG;
				SWIFT_OPTIMIZATION_LEVEL = "-Onone";
			};
			name = Debug;
		};
		100141F62726445C005602BE /* Release */ = {
			isa = XCBuildConfiguration;
			buildSettings = {
				ALWAYS_SEARCH_USER_PATHS = NO;
				CLANG_ANALYZER_NONNULL = YES;
				CLANG_ANALYZER_NUMBER_OBJECT_CONVERSION = YES_AGGRESSIVE;
				CLANG_CXX_LANGUAGE_STANDARD = "gnu++17";
				CLANG_CXX_LIBRARY = "libc++";
				CLANG_ENABLE_MODULES = YES;
				CLANG_ENABLE_OBJC_ARC = YES;
				CLANG_ENABLE_OBJC_WEAK = YES;
				CLANG_WARN_BLOCK_CAPTURE_AUTORELEASING = YES;
				CLANG_WARN_BOOL_CONVERSION = YES;
				CLANG_WARN_COMMA = YES;
				CLANG_WARN_CONSTANT_CONVERSION = YES;
				CLANG_WARN_DEPRECATED_OBJC_IMPLEMENTATIONS = YES;
				CLANG_WARN_DIRECT_OBJC_ISA_USAGE = YES_ERROR;
				CLANG_WARN_DOCUMENTATION_COMMENTS = YES;
				CLANG_WARN_EMPTY_BODY = YES;
				CLANG_WARN_ENUM_CONVERSION = YES;
				CLANG_WARN_INFINITE_RECURSION = YES;
				CLANG_WARN_INT_CONVERSION = YES;
				CLANG_WARN_NON_LITERAL_NULL_CONVERSION = YES;
				CLANG_WARN_OBJC_IMPLICIT_RETAIN_SELF = YES;
				CLANG_WARN_OBJC_LITERAL_CONVERSION = YES;
				CLANG_WARN_OBJC_ROOT_CLASS = YES_ERROR;
				CLANG_WARN_QUOTED_INCLUDE_IN_FRAMEWORK_HEADER = YES;
				CLANG_WARN_RANGE_LOOP_ANALYSIS = YES;
				CLANG_WARN_STRICT_PROTOTYPES = YES;
				CLANG_WARN_SUSPICIOUS_MOVE = YES;
				CLANG_WARN_UNGUARDED_AVAILABILITY = YES_AGGRESSIVE;
				CLANG_WARN_UNREACHABLE_CODE = YES;
				CLANG_WARN__DUPLICATE_METHOD_MATCH = YES;
				COPY_PHASE_STRIP = NO;
				DEBUG_INFORMATION_FORMAT = "dwarf-with-dsym";
				ENABLE_NS_ASSERTIONS = NO;
				ENABLE_STRICT_OBJC_MSGSEND = YES;
				GCC_C_LANGUAGE_STANDARD = gnu11;
				GCC_NO_COMMON_BLOCKS = YES;
				GCC_WARN_64_TO_32_BIT_CONVERSION = YES;
				GCC_WARN_ABOUT_RETURN_TYPE = YES_ERROR;
				GCC_WARN_UNDECLARED_SELECTOR = YES;
				GCC_WARN_UNINITIALIZED_AUTOS = YES_AGGRESSIVE;
				GCC_WARN_UNUSED_FUNCTION = YES;
				GCC_WARN_UNUSED_VARIABLE = YES;
				IPHONEOS_DEPLOYMENT_TARGET = 15.0;
				MTL_ENABLE_DEBUG_INFO = NO;
				MTL_FAST_MATH = YES;
				SDKROOT = iphoneos;
				SWIFT_COMPILATION_MODE = wholemodule;
				SWIFT_OPTIMIZATION_LEVEL = "-O";
				VALIDATE_PRODUCT = YES;
			};
			name = Release;
		};
		100141F82726445C005602BE /* Debug */ = {
			isa = XCBuildConfiguration;
			buildSettings = {
				ASSETCATALOG_COMPILER_APPICON_NAME = AppIcon;
				ASSETCATALOG_COMPILER_GLOBAL_ACCENT_COLOR_NAME = AccentColor;
				CODE_SIGN_STYLE = Automatic;
				CURRENT_PROJECT_VERSION = 1;
				DEVELOPMENT_TEAM = 23V723C7LT;
				GENERATE_INFOPLIST_FILE = YES;
				INFOPLIST_FILE = SeSAC_WEEK5/Info.plist;
				INFOPLIST_KEY_UIApplicationSupportsIndirectInputEvents = YES;
				INFOPLIST_KEY_UILaunchStoryboardName = LaunchScreen;
				INFOPLIST_KEY_UIMainStoryboardFile = Main;
				INFOPLIST_KEY_UISupportedInterfaceOrientations_iPad = "UIInterfaceOrientationPortrait UIInterfaceOrientationPortraitUpsideDown UIInterfaceOrientationLandscapeLeft UIInterfaceOrientationLandscapeRight";
				INFOPLIST_KEY_UISupportedInterfaceOrientations_iPhone = "UIInterfaceOrientationPortrait UIInterfaceOrientationLandscapeLeft UIInterfaceOrientationLandscapeRight";
				LD_RUNPATH_SEARCH_PATHS = (
					"$(inherited)",
					"@executable_path/Frameworks",
				);
				MARKETING_VERSION = 1.0;
				PRODUCT_BUNDLE_IDENTIFIER = "com.ssac.SeSAC-WEEK5";
				PRODUCT_NAME = "$(TARGET_NAME)";
				SWIFT_EMIT_LOC_STRINGS = YES;
				SWIFT_VERSION = 5.0;
				TARGETED_DEVICE_FAMILY = "1,2";
			};
			name = Debug;
		};
		100141F92726445C005602BE /* Release */ = {
			isa = XCBuildConfiguration;
			buildSettings = {
				ASSETCATALOG_COMPILER_APPICON_NAME = AppIcon;
				ASSETCATALOG_COMPILER_GLOBAL_ACCENT_COLOR_NAME = AccentColor;
				CODE_SIGN_STYLE = Automatic;
				CURRENT_PROJECT_VERSION = 1;
				DEVELOPMENT_TEAM = 23V723C7LT;
				GENERATE_INFOPLIST_FILE = YES;
				INFOPLIST_FILE = SeSAC_WEEK5/Info.plist;
				INFOPLIST_KEY_UIApplicationSupportsIndirectInputEvents = YES;
				INFOPLIST_KEY_UILaunchStoryboardName = LaunchScreen;
				INFOPLIST_KEY_UIMainStoryboardFile = Main;
				INFOPLIST_KEY_UISupportedInterfaceOrientations_iPad = "UIInterfaceOrientationPortrait UIInterfaceOrientationPortraitUpsideDown UIInterfaceOrientationLandscapeLeft UIInterfaceOrientationLandscapeRight";
				INFOPLIST_KEY_UISupportedInterfaceOrientations_iPhone = "UIInterfaceOrientationPortrait UIInterfaceOrientationLandscapeLeft UIInterfaceOrientationLandscapeRight";
				LD_RUNPATH_SEARCH_PATHS = (
					"$(inherited)",
					"@executable_path/Frameworks",
				);
				MARKETING_VERSION = 1.0;
				PRODUCT_BUNDLE_IDENTIFIER = "com.ssac.SeSAC-WEEK5";
				PRODUCT_NAME = "$(TARGET_NAME)";
				SWIFT_EMIT_LOC_STRINGS = YES;
				SWIFT_VERSION = 5.0;
				TARGETED_DEVICE_FAMILY = "1,2";
			};
			name = Release;
		};
/* End XCBuildConfiguration section */

/* Begin XCConfigurationList section */
		100141DE2726445A005602BE /* Build configuration list for PBXProject "SeSAC_WEEK5" */ = {
			isa = XCConfigurationList;
			buildConfigurations = (
				100141F52726445C005602BE /* Debug */,
				100141F62726445C005602BE /* Release */,
			);
			defaultConfigurationIsVisible = 0;
			defaultConfigurationName = Release;
		};
		100141F72726445C005602BE /* Build configuration list for PBXNativeTarget "SeSAC_WEEK5" */ = {
			isa = XCConfigurationList;
			buildConfigurations = (
				100141F82726445C005602BE /* Debug */,
				100141F92726445C005602BE /* Release */,
			);
			defaultConfigurationIsVisible = 0;
			defaultConfigurationName = Release;
		};
/* End XCConfigurationList section */

/* Begin XCRemoteSwiftPackageReference section */
		100141FA27264489005602BE /* XCRemoteSwiftPackageReference "Alamofire" */ = {
			isa = XCRemoteSwiftPackageReference;
			repositoryURL = "https://github.com/Alamofire/Alamofire.git";
			requirement = {
				kind = upToNextMajorVersion;
				minimumVersion = 5.0.0;
			};
		};
		100141FE2726464E005602BE /* XCRemoteSwiftPackageReference "SwiftyJSON" */ = {
			isa = XCRemoteSwiftPackageReference;
			repositoryURL = "https://github.com/SwiftyJSON/SwiftyJSON.git";
			requirement = {
				branch = master;
				kind = branch;
			};
		};
		1066136F272A221F00507CEA /* XCRemoteSwiftPackageReference "JGProgressHUD" */ = {
			isa = XCRemoteSwiftPackageReference;
			repositoryURL = "https://github.com/JonasGessner/JGProgressHUD.git";
			requirement = {
				kind = upToNextMajorVersion;
				minimumVersion = 2.0.0;
			};
		};
/* End XCRemoteSwiftPackageReference section */

/* Begin XCSwiftPackageProductDependency section */
		100141FB27264489005602BE /* Alamofire */ = {
			isa = XCSwiftPackageProductDependency;
			package = 100141FA27264489005602BE /* XCRemoteSwiftPackageReference "Alamofire" */;
			productName = Alamofire;
		};
		100141FF2726464E005602BE /* SwiftyJSON */ = {
			isa = XCSwiftPackageProductDependency;
			package = 100141FE2726464E005602BE /* XCRemoteSwiftPackageReference "SwiftyJSON" */;
			productName = SwiftyJSON;
		};
		10661370272A222000507CEA /* JGProgressHUD */ = {
			isa = XCSwiftPackageProductDependency;
			package = 1066136F272A221F00507CEA /* XCRemoteSwiftPackageReference "JGProgressHUD" */;
			productName = JGProgressHUD;
		};
/* End XCSwiftPackageProductDependency section */
	};
	rootObject = 100141DB2726445A005602BE /* Project object */;
}
